
Microsoft Visual Studio Solution File, Format Version 12.00
# Visual Studio Version 16
VisualStudioVersion = 16.0.33130.400
MinimumVisualStudioVersion = 10.0.40219.1
Project("{888888A0-9F3D-457C-B088-3A5042F75D52}") = "ArbitraryAPI", "ArbitraryAPI\ArbitraryAPI.pyproj", "{726B16F4-D7EC-44D2-83CD-1CBB0FC1EF34}"
EndProject
Global
	GlobalSection(SolutionConfigurationPlatforms) = preSolution
		Debug|Any CPU = Debug|Any CPU
		Release|Any CPU = Release|Any CPU
	EndGlobalSection
	GlobalSection(ProjectConfigurationPlatforms) = postSolution
		{726B16F4-D7EC-44D2-83CD-1CBB0FC1EF34}.Debug|Any CPU.ActiveCfg = Debug|Any CPU
		{726B16F4-D7EC-44D2-83CD-1CBB0FC1EF34}.Release|Any CPU.ActiveCfg = Release|Any CPU
	EndGlobalSection
	GlobalSection(SolutionProperties) = preSolution
		HideSolutionNode = FALSE
	EndGlobalSection
	GlobalSection(ExtensibilityGlobals) = postSolution
		SolutionGuid = {A7F79A29-D862-4BCB-9CFD-590637DCD010}
	EndGlobalSection
EndGlobal
